{
    "_meta": {
        "hash": {
            "sha256": "b763621a4c104acb213fd1a0e2a14464d0ea85c05346433bab387faa680f5c26"
        },
        "pipfile-spec": 6,
        "requires": {
            "python_version": "3.6"
        },
        "sources": [
            {
                "name": "pypi",
                "url": "https://pypi.python.org/simple",
                "verify_ssl": true
            }
        ]
    },
    "default": {
        "astropy": {
            "hashes": [
                "sha256:04de975f4f419fff67e08583c012a1ff3bd146c7e240d86f76e096803255c5bc",
                "sha256:28d43d74785b1fc19bc3c05cd1e45026cbc784e2551f35a1103ad8e82da48705",
                "sha256:3eabe39267f9b3b9ff8d3ccd5b9342fb408e2e8d363fd4e006113fb2f80a5c0a",
                "sha256:564587b96867058b9ee84be6a5f78e9a48c39acfc0d9d7e531732654424df6e6",
                "sha256:62ba6f14fbe6418d0019ffa17775f715af265cec4e40baae9c2fce287c480913",
                "sha256:6527e63f9aee01ed14a3e3c0865f8ae1bffadb01c8c755b4452662211216f53b",
                "sha256:6780d9d70402c4b3b19a3cbd3855af00cc307d342cb356c73df327d773eeacfd",
                "sha256:6c1525569a4b4a77ad60a4ee9270ee69534150b6684bd953a963aa0033c45f98",
                "sha256:734d2099902363c09dae0ae3e32d51492fa963938abfda03b9acfd2b9612364d",
                "sha256:7b4253d1520d8bbb23e4a9d6c3b1253984fb7466ebffdc9670396d327ce704ba",
                "sha256:7b6b898dd5fcc19761de9a76f91592a56fd9393c4e1eee6c1a4e2ea03d6dc817",
                "sha256:8735afbcb914494dcc629e7dc75e2247c7e34fd284d557481546e49cbb985386",
                "sha256:8b4dde2ec9d14d8b497c988344524bf1bcfacaac6250de5836dfbebf5ec4123c",
                "sha256:cc13d11382a4e3d033ca2bfff18f4e8dfe252d8d45e6d3abaf79d610931e8af4",
                "sha256:d49794159e65675d7cbca89112293bb0007463814788ca1dab156b1ce1f3516c",
                "sha256:ec24dff9b80b268136445838653795e642fe62f47791dc76c0e1d58d61a51267"
            ],
            "index": "pypi",
            "version": "==3.1.1"
        },
        "cython": {
            "hashes": [
                "sha256:0154d3eead9432dfbef489fecf3a9d9202da0ab4966b796c319c4a3048ff2c03",
                "sha256:0355e23994919a6abfce3b9493062f69317f2057560bde694493fa18306b7824",
                "sha256:06c0c1332ce36bb6feb6c3590cd72c0b4fa59b34202b1975d484319595e2a548",
                "sha256:0970fc905136b520a7595e1d43ff465a8ab24103ac54da801f9bb25be940bb5b",
                "sha256:1242351548eeb2c99ca2958fa2eebae08fc361f30d56588ff4f28cdb63a440c1",
                "sha256:17a573b551aa34878eba7e0b34a774b18e4b2b35943b2e7d2ae0a31ac5446e39",
                "sha256:28025cd1d36df61257646d97325046ee894118e267a49d19fd321fbca413c3df",
                "sha256:37d1d560d49985b87629785cf9971add6dd621fc9db1505a5811dcb0feb34a94",
                "sha256:3f6ed611cf01e7bbd852bb4f77bea05f0fcca0556926aa0de21a20f719c4abc5",
                "sha256:5254de3aecc883d89243f37da74ceff70d9bf459b94ad816f889c794a51a3e76",
                "sha256:54484d6b3c102c1e52ebb5dbcee4b7b42efae96ac3d1a2e1d640acab8d7c6fbe",
                "sha256:6760738fab5d44e3615fb4c3a12dd5b766850e79dc1bd2ecb4c1df361871f1c3",
                "sha256:69c3cd2fe8c2db18a2042aaeb8b3bb0a9ea214c1612c8431fab0acb5ed434b07",
                "sha256:73d3e28f9fb445bf67cc753c826e63ce9c3308d62d7e642dfb8cc3556f3ac685",
                "sha256:74763f2ac133aabb1a8260ff00303571b91b7c866e0bbcd05159dc72a67f9911",
                "sha256:764049a11173b2039674879b1be0d73e2288af4fc1ad8177aa99cdc0de335b31",
                "sha256:9d5290d749099a8e446422adfb0aa2142c711284800fb1eb70f595101e32cbf1",
                "sha256:a12a83d72aa1298236b63c1d5e95de6230c634cc9c3eb06be51c67f88ccedd92",
                "sha256:aa83ce29f04c3d83d51863819281be8bf35d22ae1b8fba9a32cd8a84cd471998",
                "sha256:ab3d291304c4e4160276533d3e4e36380ba18dacf2c8d6573980f2ef168f3afb",
                "sha256:b1b4ffcb39e77e29862e23d3a25a7c307cac85c8d0654d51547059c053060fc5",
                "sha256:c0ef97e126831ec8ae616c5a4d9b321b6e792cf48a1bf473fd6555226c91839f",
                "sha256:c15c3fe45855d985922c0f74f8c282b126b3458d5662c4875ae0d088d12b7c3f",
                "sha256:cdafe6f7f7dd32ce79b9d5dade7045de7c89d747bce4804f41be84027dc23312",
                "sha256:d4d9a9531d3f5990f2f043288359c83527ab927ef4ad9c55a831166d68a53baa",
                "sha256:f5722b4eb8052405c314dfae8a1a6e27ee493d051354c53f1ceb8f4e1fd3f075",
                "sha256:f581171b9c3b4d5048ce64634b210bfccec06ef3a7422f1807a2a8de31a3c075",
                "sha256:f8971da715deda1670e2383185c0c2a1ea819fb17221953f4d0c20d0f14ef24d"
            ],
            "index": "pypi",
            "version": "==0.29.5"
        },
        "numpy": {
            "hashes": [
                "sha256:0cdbbaa30ae69281b18dd995d3079c4e552ad6d5426977f66b9a2a95f11f552a",
                "sha256:2b0cca1049bd39d1879fa4d598624cafe82d35529c72de1b3d528d68031cdd95",
                "sha256:31d3fe5b673e99d33d70cfee2ea8fe8dccd60f265c3ed990873a88647e3dd288",
                "sha256:34dd4922aab246c39bf5df03ca653d6265e65971deca6784c956bf356bca6197",
                "sha256:384e2dfa03da7c8d54f8f934f61b6a5e4e1ebb56a65b287567629d6c14578003",
                "sha256:392e2ea22b41a22c0289a88053204b616181288162ba78e6823e1760309d5277",
                "sha256:4341a39fc085f31a583be505eabf00e17c619b469fef78dc7e8241385bfddaa4",
                "sha256:45080f065dcaa573ebecbfe13cdd86e8c0a68c4e999aa06bd365374ea7137706",
                "sha256:485cb1eb4c9962f4cd042fed9424482ec1d83fee5dc2ef3f2552ac47852cb259",
                "sha256:575cefd28d3e0da85b0864506ae26b06483ee4a906e308be5a7ad11083f9d757",
                "sha256:62784b35df7de7ca4d0d81c5b6af5983f48c5cdef32fc3635b445674e56e3266",
                "sha256:69c152f7c11bf3b4fc11bc4cc62eb0334371c0db6844ebace43b7c815b602805",
                "sha256:6ccfdcefd287f252cf1ea7a3f1656070da330c4a5658e43ad223269165cdf977",
                "sha256:7298fbd73c0b3eff1d53dc9b9bdb7add8797bb55eeee38c8ccd7906755ba28af",
                "sha256:79463d918d1bf3aeb9186e3df17ddb0baca443f41371df422f99ee94f4f2bbfe",
                "sha256:8bbee788d82c0ac656536de70e817af09b7694f5326b0ef08e5c1014fcb96bb3",
                "sha256:a863957192855c4c57f60a75a1ac06ce5362ad18506d362dd807e194b4baf3ce",
                "sha256:ae602ba425fb2b074e16d125cdce4f0194903da935b2e7fe284ebecca6d92e76",
                "sha256:b13faa258b20fa66d29011f99fdf498641ca74a0a6d9266bc27d83c70fea4a6a",
                "sha256:c2c39d69266621dd7464e2bb740d6eb5abc64ddc339cc97aa669f3bb4d75c103",
                "sha256:e9c88f173d31909d881a60f08a8494e63f1aff2a4052476b24d4f50e82c47e24",
                "sha256:f1a29267ac29fff0913de0f11f3a9edfcd3f39595f467026c29376fad243ebe3",
                "sha256:f69dde0c5a137d887676a8129373e44366055cf19d1b434e853310c7a1e68f93"
            ],
            "index": "pypi",
            "version": "==1.16.1"
        },
        "pyyaml": {
            "hashes": [
                "sha256:3d7da3009c0f3e783b2c873687652d83b1bbfd5c88e9813fb7e5b03c0dd3108b",
                "sha256:3ef3092145e9b70e3ddd2c7ad59bdd0252a94dfe3949721633e41344de00a6bf",
                "sha256:40c71b8e076d0550b2e6380bada1f1cd1017b882f7e16f09a65be98e017f211a",
                "sha256:558dd60b890ba8fd982e05941927a3911dc409a63dcb8b634feaa0cda69330d3",
                "sha256:a7c28b45d9f99102fa092bb213aa12e0aaf9a6a1f5e395d36166639c1f96c3a1",
                "sha256:aa7dd4a6a427aed7df6fb7f08a580d68d9b118d90310374716ae90b710280af1",
                "sha256:bc558586e6045763782014934bfaf39d48b8ae85a2713117d16c39864085c613",
                "sha256:d46d7982b62e0729ad0175a9bc7e10a566fc07b224d2c79fafb5e032727eaa04",
                "sha256:d5eef459e30b09f5a098b9cea68bebfeb268697f78d647bd255a085371ac7f3f",
                "sha256:e01d3203230e1786cd91ccfdc8f8454c8069c91bee3962ad93b87a4b2860f537",
                "sha256:e170a9e6fcfd19021dd29845af83bb79236068bf5fd4df3327c1be18182b2531"
            ],
            "index": "pypi",
            "version": "==3.13"
        }
    },
    "develop": {}
}
